{
	"name": "@joelek/disco",
	"version": "1.0.0",
	"lockfileVersion": 1,
	"requires": true,
	"dependencies": {
		"@joelek/ts-autoguard": {
			"version": "github:joelek/ts-autoguard#65d03f30fbc2f63e39bf67124775d5dac33311f8",
			"from": "github:joelek/ts-autoguard",
			"requires": {
				"@joelek/ts-stdlib": "github:joelek/ts-stdlib",
				"@types/node": "^13",
				"typescript": "^3"
			}
		},
		"@joelek/ts-stdlib": {
			"version": "github:joelek/ts-stdlib#c974a689b4c0b0b6ade0015f25cef718ec23e318",
			"from": "github:joelek/ts-stdlib",
			"requires": {
				"@types/node": "^13",
				"typescript": "^3"
			}
		},
		"@types/node": {
			"version": "13.1.4",
			"resolved": "https://registry.npmjs.org/@types/node/-/node-13.1.4.tgz",
			"integrity": "sha512-Lue/mlp2egZJoHXZr4LndxDAd7i/7SQYhV0EjWfb/a4/OZ6tuVwMCVPiwkU5nsEipxEf7hmkSU7Em5VQ8P5NGA=="
		},
		"typescript": {
			"version": "3.8.2",
			"resolved": "https://registry.npmjs.org/typescript/-/typescript-3.8.2.tgz",
			"integrity": "sha512-EgOVgL/4xfVrCMbhYKUQTdF37SQn4Iw73H5BgCrF1Abdun7Kwy/QZsE/ssAy0y4LxBbvua3PIbFsbRczWWnDdQ=="
		}
	}
}
