{
	"name": "@joelek/disco",
	"version": "1.0.0",
	"lockfileVersion": 2,
	"requires": true,
	"packages": {
		"": {
			"name": "@joelek/disco",
			"version": "1.0.0",
			"license": "MIT",
			"dependencies": {
				"@joelek/ts-autoguard": "github:joelek/ts-autoguard#semver:^4",
				"@types/node": "^16.7.5",
				"typescript": "^4"
			}
		},
		"node_modules/@joelek/ts-autoguard": {
			"version": "4.3.0",
			"resolved": "git+ssh://git@github.com/joelek/ts-autoguard.git#df7c048ead94bd40ad26abe1a4ee486b1cb65037",
			"license": "MIT",
			"dependencies": {
				"@joelek/ts-stdlib": "github:joelek/ts-stdlib"
			},
			"bin": {
				"autoguard": "build/autoguard-cli/index.js"
			}
		},
		"node_modules/@joelek/ts-stdlib": {
			"version": "1.0.2",
			"resolved": "git+ssh://git@github.com/joelek/ts-stdlib.git#f0ca2eca629f95d9acf09a72b56af6fbc28bb57f",
			"license": "MIT"
		},
		"node_modules/@types/node": {
			"version": "16.7.5",
			"resolved": "https://registry.npmjs.org/@types/node/-/node-16.7.5.tgz",
			"integrity": "sha512-E7SpxDXoHEpmZ9C1gSqwadhE6zPRtf3g0gJy9Y51DsImnR5TcDs3QEiV/3Q7zOM8LWaZp5Gph71NK6ElVMG1IQ=="
		},
		"node_modules/typescript": {
			"version": "4.4.2",
			"resolved": "https://registry.npmjs.org/typescript/-/typescript-4.4.2.tgz",
			"integrity": "sha512-gzP+t5W4hdy4c+68bfcv0t400HVJMMd2+H9B7gae1nQlBzCqvrXX+6GL/b3GAgyTH966pzrZ70/fRjwAtZksSQ==",
			"bin": {
				"tsc": "bin/tsc",
				"tsserver": "bin/tsserver"
			},
			"engines": {
				"node": ">=4.2.0"
			}
		}
	},
	"dependencies": {
		"@joelek/ts-autoguard": {
			"version": "git+ssh://git@github.com/joelek/ts-autoguard.git#df7c048ead94bd40ad26abe1a4ee486b1cb65037",
			"from": "@joelek/ts-autoguard@github:joelek/ts-autoguard#semver:^4",
			"requires": {
				"@joelek/ts-stdlib": "github:joelek/ts-stdlib"
			}
		},
		"@joelek/ts-stdlib": {
			"version": "git+ssh://git@github.com/joelek/ts-stdlib.git#f0ca2eca629f95d9acf09a72b56af6fbc28bb57f",
			"from": "@joelek/ts-stdlib@github:joelek/ts-stdlib"
		},
		"@types/node": {
			"version": "16.7.5",
			"resolved": "https://registry.npmjs.org/@types/node/-/node-16.7.5.tgz",
			"integrity": "sha512-E7SpxDXoHEpmZ9C1gSqwadhE6zPRtf3g0gJy9Y51DsImnR5TcDs3QEiV/3Q7zOM8LWaZp5Gph71NK6ElVMG1IQ=="
		},
		"typescript": {
			"version": "4.4.2",
			"resolved": "https://registry.npmjs.org/typescript/-/typescript-4.4.2.tgz",
			"integrity": "sha512-gzP+t5W4hdy4c+68bfcv0t400HVJMMd2+H9B7gae1nQlBzCqvrXX+6GL/b3GAgyTH966pzrZ70/fRjwAtZksSQ=="
		}
	}
}
